# THIS IS AN AUTOGENERATED FILE. DO NOT EDIT THIS FILE DIRECTLY.
# yarn lockfile v1


fluentvalidation-ts@^2.2.2:
  version "2.2.2"
  resolved "https://registry.yarnpkg.com/fluentvalidation-ts/-/fluentvalidation-ts-2.2.2.tgz#21cd04c60760515eac8d73640ea718d71c353780"
  integrity sha512-ZVBNfYtmfGu+hFIvtL1s+J+pVhP61XoFJihs/I4Ld3NYECqpbYUbZCWIIFNbFEL37wha9/odRCN+MvgBOJwysQ==

guid-typescript@^1.0.9:
  version "1.0.9"
  resolved "https://registry.yarnpkg.com/guid-typescript/-/guid-typescript-1.0.9.tgz#e35f77003535b0297ea08548f5ace6adb1480ddc"
  integrity sha512-Y8T4vYhEfwJOTbouREvG+3XDsjr8E3kIr7uf+JZ0BYloFsttiHU0WfvANVsR7TxNUJa/WpCnw/Ino/p+DeBhBQ==

typescript@^4.5.2:
  version "4.5.2"
  resolved "https://registry.yarnpkg.com/typescript/-/typescript-4.5.2.tgz#8ac1fba9f52256fdb06fb89e4122fa6a346c2998"
  integrity sha512-5BlMof9H1yGt0P8/WF+wPNw6GfctgGjXp5hkblpyT+8rkASSmkUKMXrxR0Xg8ThVCi/JnHQiKXeBaEwCeQwMFw==
